<?xml version="1.0" encoding="utf-8"?>
<Project ToolsVersion="4.0" xmlns="http://schemas.microsoft.com/developer/msbuild/2003">
  <ItemGroup>
    <Filter Include="ソース ファイル">
      <UniqueIdentifier>{4FC737F1-C7A5-4376-A066-2A32D752A2FF}</UniqueIdentifier>
      <Extensions>cpp;c;cc;cxx;def;odl;idl;hpj;bat;asm;asmx</Extensions>
    </Filter>
    <Filter Include="ヘッダー ファイル">
      <UniqueIdentifier>{93995380-89BD-4b04-88EB-625FBE52EBFB}</UniqueIdentifier>
      <Extensions>h;hh;hpp;hxx;hm;inl;inc;xsd</Extensions>
    </Filter>
    <Filter Include="リソース ファイル">
      <UniqueIdentifier>{67DA6AB6-F800-4c08-8B7A-83BB121AAD01}</UniqueIdentifier>
      <Extensions>rc;ico;cur;bmp;dlg;rc2;rct;bin;rgs;gif;jpg;jpeg;jpe;resx;tiff;tif;png;wav;mfcribbon-ms</Extensions>
    </Filter>
    <Filter Include="ヘッダー ファイル\etc">
      <UniqueIdentifier>{479d1e6f-6711-4300-a3cc-2e1556c7c7fb}</UniqueIdentifier>
    </Filter>
    <Filter Include="ヘッダー ファイル\math">
      <UniqueIdentifier>{97771075-07d9-4aaa-aac3-522704489906}</UniqueIdentifier>
    </Filter>
    <Filter Include="ヘッダー ファイル\file">
      <UniqueIdentifier>{0a6d38ed-c134-4b27-95bd-a17c96d61a63}</UniqueIdentifier>
    </Filter>
    <Filter Include="ソース ファイル\math">
      <UniqueIdentifier>{e354d683-dc8d-494c-a3e5-e517c1fee099}</UniqueIdentifier>
    </Filter>
    <Filter Include="ソース ファイル\etc">
      <UniqueIdentifier>{038bbd98-ec04-4bf5-9f80-59d36bc2e780}</UniqueIdentifier>
    </Filter>
    <Filter Include="ソース ファイル\file">
      <UniqueIdentifier>{f6b97e8e-9d8d-4617-bcce-d551655d13c9}</UniqueIdentifier>
    </Filter>
    <Filter Include="ソース ファイル\json">
      <UniqueIdentifier>{b3019d56-2253-4aca-83ee-9262881db1c4}</UniqueIdentifier>
    </Filter>
    <Filter Include="ソース ファイル\function">
      <UniqueIdentifier>{cda9edc0-ba17-43a9-a37e-2a754f3031d2}</UniqueIdentifier>
    </Filter>
    <Filter Include="ヘッダー ファイル\function">
      <UniqueIdentifier>{ae764f75-c9d2-4ed6-a111-1278b68edfb8}</UniqueIdentifier>
    </Filter>
    <Filter Include="ソース ファイル\file\zlib">
      <UniqueIdentifier>{02a3c4e8-4f57-4fb5-8d8b-9aa94a737049}</UniqueIdentifier>
    </Filter>
    <Filter Include="ヘッダー ファイル\file\zlib">
      <UniqueIdentifier>{8e65081f-b266-4b69-a37f-777b66bbd0fa}</UniqueIdentifier>
    </Filter>
  </ItemGroup>
  <ItemGroup>
    <ClCompile Include="..\math\evolution_math_utility.cpp">
      <Filter>ソース ファイル\math</Filter>
    </ClCompile>
    <ClCompile Include="..\math\evolution_matrix.cpp">
      <Filter>ソース ファイル\math</Filter>
    </ClCompile>
    <ClCompile Include="..\math\evolution_quaternion.cpp">
      <Filter>ソース ファイル\math</Filter>
    </ClCompile>
    <ClCompile Include="..\math\evolution_vector2.cpp">
      <Filter>ソース ファイル\math</Filter>
    </ClCompile>
    <ClCompile Include="..\math\evolution_vector3.cpp">
      <Filter>ソース ファイル\math</Filter>
    </ClCompile>
    <ClCompile Include="..\math\evolution_vector4.cpp">
      <Filter>ソース ファイル\math</Filter>
    </ClCompile>
    <ClCompile Include="..\file\evolution_zip_loader.cpp">
      <Filter>ソース ファイル\file</Filter>
    </ClCompile>
    <ClCompile Include="..\json\evolution_json_number.cpp">
      <Filter>ソース ファイル\json</Filter>
    </ClCompile>
    <ClCompile Include="..\json\evolution_json_object.cpp">
      <Filter>ソース ファイル\json</Filter>
    </ClCompile>
    <ClCompile Include="..\json\evolution_json_root.cpp">
      <Filter>ソース ファイル\json</Filter>
    </ClCompile>
    <ClCompile Include="..\json\evolution_json_string.cpp">
      <Filter>ソース ファイル\json</Filter>
    </ClCompile>
    <ClCompile Include="..\json\evolution_json_array.cpp">
      <Filter>ソース ファイル\json</Filter>
    </ClCompile>
    <ClCompile Include="..\json\evolution_json_boolean.cpp">
      <Filter>ソース ファイル\json</Filter>
    </ClCompile>
    <ClCompile Include="..\json\evolution_json_null.cpp">
      <Filter>ソース ファイル\json</Filter>
    </ClCompile>
    <ClCompile Include="..\json\evolution_json_serialize.cpp">
      <Filter>ソース ファイル\json</Filter>
    </ClCompile>
    <ClCompile Include="..\etc\evolution_collection.cpp">
      <Filter>ソース ファイル\etc</Filter>
    </ClCompile>
    <ClCompile Include="..\file\zlib\crc32.c">
      <Filter>ソース ファイル\file\zlib</Filter>
    </ClCompile>
    <ClCompile Include="..\file\zlib\deflate.c">
      <Filter>ソース ファイル\file\zlib</Filter>
    </ClCompile>
    <ClCompile Include="..\file\zlib\gzclose.c">
      <Filter>ソース ファイル\file\zlib</Filter>
    </ClCompile>
    <ClCompile Include="..\file\zlib\gzlib.c">
      <Filter>ソース ファイル\file\zlib</Filter>
    </ClCompile>
    <ClCompile Include="..\file\zlib\gzread.c">
      <Filter>ソース ファイル\file\zlib</Filter>
    </ClCompile>
    <ClCompile Include="..\file\zlib\gzwrite.c">
      <Filter>ソース ファイル\file\zlib</Filter>
    </ClCompile>
    <ClCompile Include="..\file\zlib\infback.c">
      <Filter>ソース ファイル\file\zlib</Filter>
    </ClCompile>
    <ClCompile Include="..\file\zlib\inffast.c">
      <Filter>ソース ファイル\file\zlib</Filter>
    </ClCompile>
    <ClCompile Include="..\file\zlib\inflate.c">
      <Filter>ソース ファイル\file\zlib</Filter>
    </ClCompile>
    <ClCompile Include="..\file\zlib\inftrees.c">
      <Filter>ソース ファイル\file\zlib</Filter>
    </ClCompile>
    <ClCompile Include="..\file\zlib\trees.c">
      <Filter>ソース ファイル\file\zlib</Filter>
    </ClCompile>
    <ClCompile Include="..\file\zlib\uncompr.c">
      <Filter>ソース ファイル\file\zlib</Filter>
    </ClCompile>
    <ClCompile Include="..\file\zlib\zutil.c">
      <Filter>ソース ファイル\file\zlib</Filter>
    </ClCompile>
    <ClCompile Include="..\file\zlib\adler32.c">
      <Filter>ソース ファイル\file\zlib</Filter>
    </ClCompile>
    <ClCompile Include="..\file\zlib\compress.c">
      <Filter>ソース ファイル\file\zlib</Filter>
    </ClCompile>
    <ClCompile Include="..\etc\evolution_binary_search_collection.cpp">
      <Filter>ソース ファイル\etc</Filter>
    </ClCompile>
    <ClCompile Include="..\etc\evolution_purser.cpp">
      <Filter>ソース ファイル\etc</Filter>
    </ClCompile>
  </ItemGroup>
  <ItemGroup>
    <ClInclude Include="..\evolution_utility.h">
      <Filter>ヘッダー ファイル</Filter>
    </ClInclude>
    <ClInclude Include="..\math\evolution_vector4.h">
      <Filter>ヘッダー ファイル\math</Filter>
    </ClInclude>
    <ClInclude Include="..\math\evolution_vector2.h">
      <Filter>ヘッダー ファイル\math</Filter>
    </ClInclude>
    <ClInclude Include="..\math\evolution_vector3.h">
      <Filter>ヘッダー ファイル\math</Filter>
    </ClInclude>
    <ClInclude Include="..\math\evolution_quaternion.h">
      <Filter>ヘッダー ファイル\math</Filter>
    </ClInclude>
    <ClInclude Include="..\math\evolution_matrix.h">
      <Filter>ヘッダー ファイル\math</Filter>
    </ClInclude>
    <ClInclude Include="..\math\evolution_math.h">
      <Filter>ヘッダー ファイル\math</Filter>
    </ClInclude>
    <ClInclude Include="..\math\evolution_math_utility.h">
      <Filter>ヘッダー ファイル\math</Filter>
    </ClInclude>
    <ClInclude Include="..\file\evolution_zip_loader.h">
      <Filter>ヘッダー ファイル\file</Filter>
    </ClInclude>
    <ClInclude Include="..\json\evolution_json_parse_interface.h">
      <Filter>ソース ファイル\json</Filter>
    </ClInclude>
    <ClInclude Include="..\json\evolution_json_parse_implement.h">
      <Filter>ソース ファイル\json</Filter>
    </ClInclude>
    <ClInclude Include="..\etc\evolution_color.h">
      <Filter>ヘッダー ファイル\etc</Filter>
    </ClInclude>
    <ClInclude Include="..\etc\evolution_collection.h">
      <Filter>ヘッダー ファイル\etc</Filter>
    </ClInclude>
    <ClInclude Include="..\file\zlib\inflate.h">
      <Filter>ヘッダー ファイル\file\zlib</Filter>
    </ClInclude>
    <ClInclude Include="..\file\zlib\inftrees.h">
      <Filter>ヘッダー ファイル\file\zlib</Filter>
    </ClInclude>
    <ClInclude Include="..\file\zlib\trees.h">
      <Filter>ヘッダー ファイル\file\zlib</Filter>
    </ClInclude>
    <ClInclude Include="..\file\zlib\zconf.h">
      <Filter>ヘッダー ファイル\file\zlib</Filter>
    </ClInclude>
    <ClInclude Include="..\file\zlib\zlib.h">
      <Filter>ヘッダー ファイル\file\zlib</Filter>
    </ClInclude>
    <ClInclude Include="..\file\zlib\zutil.h">
      <Filter>ヘッダー ファイル\file\zlib</Filter>
    </ClInclude>
    <ClInclude Include="..\file\zlib\crc32.h">
      <Filter>ヘッダー ファイル\file\zlib</Filter>
    </ClInclude>
    <ClInclude Include="..\file\zlib\deflate.h">
      <Filter>ヘッダー ファイル\file\zlib</Filter>
    </ClInclude>
    <ClInclude Include="..\file\zlib\gzguts.h">
      <Filter>ヘッダー ファイル\file\zlib</Filter>
    </ClInclude>
    <ClInclude Include="..\file\zlib\inffast.h">
      <Filter>ヘッダー ファイル\file\zlib</Filter>
    </ClInclude>
    <ClInclude Include="..\file\zlib\inffixed.h">
      <Filter>ヘッダー ファイル\file\zlib</Filter>
    </ClInclude>
    <ClInclude Include="..\etc\evolution_binary_search_collection.h">
      <Filter>ヘッダー ファイル\etc</Filter>
    </ClInclude>
    <ClInclude Include="..\etc\evolution_purser.h">
      <Filter>ヘッダー ファイル\etc</Filter>
    </ClInclude>
  </ItemGroup>
</Project>